
Microsoft Visual Studio Solution File, Format Version 11.00
# Visual Studio 2010
Project("{FAE04EC0-301F-11D3-BF4B-00C04F79EFBC}") = "NCRVisual", "NCRVisual\NCRVisual.csproj", "{9FE80925-D432-4CCF-BB66-F92C60497AD7}"
EndProject
Project("{FAE04EC0-301F-11D3-BF4B-00C04F79EFBC}") = "NCRVisual.web", "NCRVisual.web\NCRVisual.web.csproj", "{DB0A9447-33E6-416E-A9C3-A53214D2B237}"
EndProject
Project("{FAE04EC0-301F-11D3-BF4B-00C04F79EFBC}") = "WorldMap", "WorldMap\WorldMap.csproj", "{4473E46C-61FC-4B73-85D2-DF988D42136F}"
	ProjectSection(ProjectDependencies) = postProject
		{DB0A9447-33E6-416E-A9C3-A53214D2B237} = {DB0A9447-33E6-416E-A9C3-A53214D2B237}
	EndProjectSection
EndProject
Project("{FAE04EC0-301F-11D3-BF4B-00C04F79EFBC}") = "WbTest", "WbTest\WbTest.csproj", "{89B4C956-E94E-47D4-BA70-8C6E0BD7FF54}"
EndProject
Project("{FAE04EC0-301F-11D3-BF4B-00C04F79EFBC}") = "WorldbankDataGraphs", "WorldbankDataGraphs\WorldbankDataGraphs.csproj", "{8B4DE061-5375-45BA-8A1F-6EEFC8061318}"
EndProject
Global
	GlobalSection(SubversionScc) = preSolution
		Svn-Managed = True
		Manager = AnkhSVN - Subversion Support for Visual Studio
	EndGlobalSection
	GlobalSection(SolutionConfigurationPlatforms) = preSolution
		Debug|Any CPU = Debug|Any CPU
		Debug|Mixed Platforms = Debug|Mixed Platforms
		Debug|x86 = Debug|x86
		Release|Any CPU = Release|Any CPU
		Release|Mixed Platforms = Release|Mixed Platforms
		Release|x86 = Release|x86
	EndGlobalSection
	GlobalSection(ProjectConfigurationPlatforms) = postSolution
		{9FE80925-D432-4CCF-BB66-F92C60497AD7}.Debug|Any CPU.ActiveCfg = Debug|Any CPU
		{9FE80925-D432-4CCF-BB66-F92C60497AD7}.Debug|Any CPU.Build.0 = Debug|Any CPU
		{9FE80925-D432-4CCF-BB66-F92C60497AD7}.Debug|Mixed Platforms.ActiveCfg = Debug|Any CPU
		{9FE80925-D432-4CCF-BB66-F92C60497AD7}.Debug|Mixed Platforms.Build.0 = Debug|Any CPU
		{9FE80925-D432-4CCF-BB66-F92C60497AD7}.Debug|x86.ActiveCfg = Debug|Any CPU
		{9FE80925-D432-4CCF-BB66-F92C60497AD7}.Release|Any CPU.ActiveCfg = Release|Any CPU
		{9FE80925-D432-4CCF-BB66-F92C60497AD7}.Release|Any CPU.Build.0 = Release|Any CPU
		{9FE80925-D432-4CCF-BB66-F92C60497AD7}.Release|Mixed Platforms.ActiveCfg = Release|Any CPU
		{9FE80925-D432-4CCF-BB66-F92C60497AD7}.Release|Mixed Platforms.Build.0 = Release|Any CPU
		{9FE80925-D432-4CCF-BB66-F92C60497AD7}.Release|x86.ActiveCfg = Release|Any CPU
		{DB0A9447-33E6-416E-A9C3-A53214D2B237}.Debug|Any CPU.ActiveCfg = Debug|Any CPU
		{DB0A9447-33E6-416E-A9C3-A53214D2B237}.Debug|Any CPU.Build.0 = Debug|Any CPU
		{DB0A9447-33E6-416E-A9C3-A53214D2B237}.Debug|Mixed Platforms.ActiveCfg = Debug|Any CPU
		{DB0A9447-33E6-416E-A9C3-A53214D2B237}.Debug|Mixed Platforms.Build.0 = Debug|Any CPU
		{DB0A9447-33E6-416E-A9C3-A53214D2B237}.Debug|x86.ActiveCfg = Debug|Any CPU
		{DB0A9447-33E6-416E-A9C3-A53214D2B237}.Release|Any CPU.ActiveCfg = Release|Any CPU
		{DB0A9447-33E6-416E-A9C3-A53214D2B237}.Release|Any CPU.Build.0 = Release|Any CPU
		{DB0A9447-33E6-416E-A9C3-A53214D2B237}.Release|Mixed Platforms.ActiveCfg = Release|Any CPU
		{DB0A9447-33E6-416E-A9C3-A53214D2B237}.Release|Mixed Platforms.Build.0 = Release|Any CPU
		{DB0A9447-33E6-416E-A9C3-A53214D2B237}.Release|x86.ActiveCfg = Release|Any CPU
		{4473E46C-61FC-4B73-85D2-DF988D42136F}.Debug|Any CPU.ActiveCfg = Debug|Any CPU
		{4473E46C-61FC-4B73-85D2-DF988D42136F}.Debug|Any CPU.Build.0 = Debug|Any CPU
		{4473E46C-61FC-4B73-85D2-DF988D42136F}.Debug|Mixed Platforms.ActiveCfg = Debug|Any CPU
		{4473E46C-61FC-4B73-85D2-DF988D42136F}.Debug|Mixed Platforms.Build.0 = Debug|Any CPU
		{4473E46C-61FC-4B73-85D2-DF988D42136F}.Debug|x86.ActiveCfg = Debug|Any CPU
		{4473E46C-61FC-4B73-85D2-DF988D42136F}.Release|Any CPU.ActiveCfg = Release|Any CPU
		{4473E46C-61FC-4B73-85D2-DF988D42136F}.Release|Any CPU.Build.0 = Release|Any CPU
		{4473E46C-61FC-4B73-85D2-DF988D42136F}.Release|Mixed Platforms.ActiveCfg = Release|Any CPU
		{4473E46C-61FC-4B73-85D2-DF988D42136F}.Release|Mixed Platforms.Build.0 = Release|Any CPU
		{4473E46C-61FC-4B73-85D2-DF988D42136F}.Release|x86.ActiveCfg = Release|Any CPU
		{89B4C956-E94E-47D4-BA70-8C6E0BD7FF54}.Debug|Any CPU.ActiveCfg = Debug|x86
		{89B4C956-E94E-47D4-BA70-8C6E0BD7FF54}.Debug|Mixed Platforms.ActiveCfg = Debug|x86
		{89B4C956-E94E-47D4-BA70-8C6E0BD7FF54}.Debug|Mixed Platforms.Build.0 = Debug|x86
		{89B4C956-E94E-47D4-BA70-8C6E0BD7FF54}.Debug|x86.ActiveCfg = Debug|x86
		{89B4C956-E94E-47D4-BA70-8C6E0BD7FF54}.Debug|x86.Build.0 = Debug|x86
		{89B4C956-E94E-47D4-BA70-8C6E0BD7FF54}.Release|Any CPU.ActiveCfg = Release|x86
		{89B4C956-E94E-47D4-BA70-8C6E0BD7FF54}.Release|Mixed Platforms.ActiveCfg = Release|x86
		{89B4C956-E94E-47D4-BA70-8C6E0BD7FF54}.Release|Mixed Platforms.Build.0 = Release|x86
		{89B4C956-E94E-47D4-BA70-8C6E0BD7FF54}.Release|x86.ActiveCfg = Release|x86
		{89B4C956-E94E-47D4-BA70-8C6E0BD7FF54}.Release|x86.Build.0 = Release|x86
		{8B4DE061-5375-45BA-8A1F-6EEFC8061318}.Debug|Any CPU.ActiveCfg = Debug|Any CPU
		{8B4DE061-5375-45BA-8A1F-6EEFC8061318}.Debug|Any CPU.Build.0 = Debug|Any CPU
		{8B4DE061-5375-45BA-8A1F-6EEFC8061318}.Debug|Mixed Platforms.ActiveCfg = Debug|Any CPU
		{8B4DE061-5375-45BA-8A1F-6EEFC8061318}.Debug|Mixed Platforms.Build.0 = Debug|Any CPU
		{8B4DE061-5375-45BA-8A1F-6EEFC8061318}.Debug|x86.ActiveCfg = Debug|Any CPU
		{8B4DE061-5375-45BA-8A1F-6EEFC8061318}.Release|Any CPU.ActiveCfg = Release|Any CPU
		{8B4DE061-5375-45BA-8A1F-6EEFC8061318}.Release|Any CPU.Build.0 = Release|Any CPU
		{8B4DE061-5375-45BA-8A1F-6EEFC8061318}.Release|Mixed Platforms.ActiveCfg = Release|Any CPU
		{8B4DE061-5375-45BA-8A1F-6EEFC8061318}.Release|Mixed Platforms.Build.0 = Release|Any CPU
		{8B4DE061-5375-45BA-8A1F-6EEFC8061318}.Release|x86.ActiveCfg = Release|Any CPU
	EndGlobalSection
	GlobalSection(SolutionProperties) = preSolution
		HideSolutionNode = FALSE
	EndGlobalSection
EndGlobal
